{"SurveyEntry":{"SurveyID":"SV_3XbtsHHxpF1Fp7o","SurveyName":"Animals Semantic Fluency","SurveyDescription":null,"SurveyOwnerID":"UR_3HITASymOH6An30","SurveyBrandID":"ucdavis","DivisionID":"DV_bCz0vLDEYcivdHv","SurveyLanguage":"EN","SurveyActiveResponseSet":"RS_e5lIew9ccHPKu7c","SurveyStatus":"Inactive","SurveyStartDate":"0000-00-00 00:00:00","SurveyExpirationDate":"0000-00-00 00:00:00","SurveyCreationDate":"2026-03-23 15:59:42","CreatorID":"UR_3HITASymOH6An30","LastModified":"2026-03-23 19:46:04","LastAccessed":"0000-00-00 00:00:00","LastActivated":"2026-03-23 18:13:33","Deleted":null},"SurveyElements":[{"SurveyID":"SV_3XbtsHHxpF1Fp7o","Element":"BL","PrimaryAttribute":"Survey Blocks","SecondaryAttribute":null,"TertiaryAttribute":null,"Payload":[{"Type":"Default","Description":"Default Question Block","ID":"BL_5nZLVeE20tpIQOq","BlockElements":[{"Type":"Question","QuestionID":"QID1"}]},{"Type":"Trash","Description":"Trash / Unused Questions","ID":"BL_bBdtyoJYOfTiUSy"},{"Type":"Standard","SubType":"","Description":"Animals Semantic Fluency Task","ID":"BL_3jW6jmciSk8BPa6","BlockElements":[{"Type":"Question","QuestionID":"QID2"}]},{"Type":"Standard","SubType":"","Description":"Completion","ID":"BL_8CBpEsKPJfd1yyG","BlockElements":[{"Type":"Question","QuestionID":"QID3"}]}]},{"SurveyID":"SV_3XbtsHHxpF1Fp7o","Element":"FL","PrimaryAttribute":"Survey Flow","SecondaryAttribute":null,"TertiaryAttribute":null,"Payload":{"Type":"Root","FlowID":"FL_1","Flow":[{"Type":"Block","ID":"BL_5nZLVeE20tpIQOq","FlowID":"FL_2","Autofill":[]},{"Type":"EmbeddedData","FlowID":"FL_3","EmbeddedData":[{"Description":"animals_fluency_participant_id","Type":"Recipient","Field":"animals_fluency_participant_id","VariableType":"String","DataVisibility":[],"AnalyzeText":false},{"Description":"animals_fluency_storage_key","Type":"Recipient","Field":"animals_fluency_storage_key","VariableType":"String","DataVisibility":[],"AnalyzeText":false},{"Description":"animals_fluency_cue","Type":"Recipient","Field":"animals_fluency_cue","VariableType":"String","DataVisibility":[],"AnalyzeText":false},{"Description":"animals_fluency_response_count","Type":"Recipient","Field":"animals_fluency_response_count","VariableType":"String","DataVisibility":[],"AnalyzeText":false},{"Description":"animals_fluency_responses_json","Type":"Recipient","Field":"animals_fluency_responses_json","VariableType":"String","DataVisibility":[],"AnalyzeText":false},{"Description":"animals_fluency_all_data_json","Type":"Recipient","Field":"animals_fluency_all_data_json","VariableType":"String","DataVisibility":[],"AnalyzeText":false},{"Description":"animals_fluency_trial_data_json","Type":"Recipient","Field":"animals_fluency_trial_data_json","VariableType":"String","DataVisibility":[],"AnalyzeText":false},{"Description":"animals_fluency_response_texts_json","Type":"Recipient","Field":"animals_fluency_response_texts_json","VariableType":"String","DataVisibility":[],"AnalyzeText":false},{"Description":"animals_fluency_response_rt_ms_json","Type":"Recipient","Field":"animals_fluency_response_rt_ms_json","VariableType":"String","DataVisibility":[],"AnalyzeText":false},{"Description":"animals_fluency_inter_response_ms_json","Type":"Recipient","Field":"animals_fluency_inter_response_ms_json","VariableType":"String","DataVisibility":[],"AnalyzeText":false},{"Description":"animals_fluency_first_response_rt_ms","Type":"Recipient","Field":"animals_fluency_first_response_rt_ms","VariableType":"String","DataVisibility":[],"AnalyzeText":false},{"Description":"animals_fluency_last_response_rt_ms","Type":"Recipient","Field":"animals_fluency_last_response_rt_ms","VariableType":"String","DataVisibility":[],"AnalyzeText":false},{"Description":"animals_fluency_actual_duration_ms","Type":"Recipient","Field":"animals_fluency_actual_duration_ms","VariableType":"String","DataVisibility":[],"AnalyzeText":false}]},{"Type":"Standard","ID":"BL_3jW6jmciSk8BPa6","FlowID":"FL_4"},{"Type":"Standard","ID":"BL_8CBpEsKPJfd1yyG","FlowID":"FL_5"}],"Properties":{"Count":4}}},{"SurveyID":"SV_3XbtsHHxpF1Fp7o","Element":"PL","PrimaryAttribute":"Preview Link","SecondaryAttribute":null,"TertiaryAttribute":null,"Payload":{"PreviewType":"Brand","PreviewID":"9169a336-ed6a-49ec-8a31-d56832858dcf"}},{"SurveyID":"SV_3XbtsHHxpF1Fp7o","Element":"PROJ","PrimaryAttribute":"CORE","SecondaryAttribute":null,"TertiaryAttribute":"1.1.0","Payload":{"ProjectCategory":"CORE","SchemaVersion":"1.1.0"}},{"SurveyID":"SV_3XbtsHHxpF1Fp7o","Element":"QC","PrimaryAttribute":"Survey Question Count","SecondaryAttribute":"3","TertiaryAttribute":null,"Payload":null},{"SurveyID":"SV_3XbtsHHxpF1Fp7o","Element":"RS","PrimaryAttribute":"RS_e5lIew9ccHPKu7c","SecondaryAttribute":"Default Response Set","TertiaryAttribute":null,"Payload":null},{"SurveyID":"SV_3XbtsHHxpF1Fp7o","Element":"SCO","PrimaryAttribute":"Scoring","SecondaryAttribute":null,"TertiaryAttribute":null,"Payload":{"ScoringCategories":[],"ScoringCategoryGroups":[],"ScoringSummaryCategory":null,"ScoringSummaryAfterQuestions":0,"ScoringSummaryAfterSurvey":0,"DefaultScoringCategory":null,"AutoScoringCategory":null}},{"SurveyID":"SV_3XbtsHHxpF1Fp7o","Element":"SO","PrimaryAttribute":"Survey Options","SecondaryAttribute":null,"TertiaryAttribute":null,"Payload":{"BackButton":"false","SaveAndContinue":"true","SurveyProtection":"PublicSurvey","BallotBoxStuffingPrevention":"false","NoIndex":"Yes","SecureResponseFiles":"true","SurveyExpiration":"None","SurveyTermination":"DefaultMessage","Header":"","Footer":"","ProgressBarDisplay":"None","PartialData":"+1 week","ValidationMessage":null,"PreviousButton":"","NextButton":"","SurveyTitle":"Animals Semantic Fluency","SkinLibrary":"ucdavis","SkinType":"templated","Skin":{"brandingId":"2562654732","templateId":"*base","overrides":null},"NewScoring":1,"SurveyMetaDescription":"The most powerful, simple and trusted way to gather experience data. Start your journey to experience management and try a free account today.","EOSMessage":null,"ShowExportTags":"false","CollectGeoLocation":"false","PasswordProtection":"No","AnonymizeResponse":"No","RefererCheck":"No","BallotBoxStuffingPreventionBehavior":null,"BallotBoxStuffingPreventionMessage":null,"BallotBoxStuffingPreventionMessageLibrary":null,"BallotBoxStuffingPreventionURL":null,"RecaptchaV3":"false","ConfirmStart":false,"AutoConfirmStart":false,"RelevantID":"false","RelevantIDLockoutPeriod":"+30 days","UseCustomSurveyLinkCompletedMessage":null,"SurveyLinkCompletedMessage":null,"SurveyLinkCompletedMessageLibrary":null,"ResponseSummary":"No","EOSMessageLibrary":null,"EOSRedirectURL":null,"EmailThankYou":"false","ThankYouEmailMessageLibrary":null,"ThankYouEmailMessage":null,"ValidateMessage":"false","ValidationMessageLibrary":null,"InactiveSurvey":"DefaultMessage","PartialDeletion":null,"PartialDataCloseAfter":"LastActivity","InactiveMessageLibrary":null,"InactiveMessage":null,"AvailableLanguages":{"EN":[]},"ProtectSelectionIds":true}},{"SurveyID":"SV_3XbtsHHxpF1Fp7o","Element":"SQ","PrimaryAttribute":"QID1","SecondaryAttribute":"Welcome to the Semantic Fluency Task","TertiaryAttribute":null,"Payload":{"QuestionText":"<div style=\"max-width: 760px; margin: 0 auto; line-height: 1.7; color: #1d2433;\">\n  <h1 style=\"margin-bottom: 0.75rem;\">Welcome to the Semantic Fluency Task</h1>\n  <p>\n    In this in-class demonstration, you will complete a short activity in which you generate responses to a category cue.\n  </p>\n  <p>\n    Please work quickly, enter one response at a time, and press Enter after each response.\n  </p>\n  <p>\n    You will first see a brief practice example. Responses from the practice example are not saved or analyzed.\n  </p>\n  <p>\n    When you are ready, click <strong>Next</strong> to begin.\n  </p>\n</div>","DefaultChoices":false,"DataExportTag":"Welcome","QuestionID":"QID1","QuestionType":"DB","Selector":"TB","DataVisibility":{"Private":false,"Hidden":false},"Configuration":{"QuestionDescriptionOption":"UseText"},"QuestionDescription":"Welcome to the Semantic Fluency Task","ChoiceOrder":[],"Validation":{"Settings":{"Type":"None"}},"GradingData":[],"Language":[],"NextChoiceId":4,"NextAnswerId":1}},{"SurveyID":"SV_3XbtsHHxpF1Fp7o","Element":"SQ","PrimaryAttribute":"QID2","SecondaryAttribute":"The animals semantic fluency task is loading.","TertiaryAttribute":null,"Payload":{"QuestionText":"<div\n  id=\"sf-load-wrap\"\n  style=\"max-width: 760px; margin: 0 auto; line-height: 1.7; color: #1d2433;\"\n>\n  <p id=\"sf-load-status\" style=\"font-size: 24px; margin-top: 2rem;\">\n    The animals semantic fluency task is loading.\n  </p>\n  <p style=\"font-size: 24px;\">\n    If you do not see the task, please contact the\n    <strong>instructional team</strong>.\n  </p>\n  <p style=\"font-size: 28px;\">\n    Thank you for your patience while we get the task ready.\n  </p>\n</div>","DefaultChoices":false,"DataExportTag":"AnimalsTask","QuestionID":"QID2","QuestionType":"DB","Selector":"TB","DataVisibility":{"Private":false,"Hidden":false},"Configuration":{"QuestionDescriptionOption":"UseText"},"QuestionDescription":"Animals semantic fluency task","ChoiceOrder":[],"Validation":{"Settings":{"Type":"None"}},"GradingData":[],"Language":[],"NextChoiceId":4,"NextAnswerId":1,"QuestionJS":"Qualtrics.SurveyEngine.addOnload(function () {\n  var qthis = this;\n  var siteBaseUrl = \"https://wrayo.github.io/semantic-jspsych\";\n  var taskAssetBaseUrl = siteBaseUrl + \"/study/animals-semantic-fluency\";\n  var taskConfig = {\n    displayElement: \"display_stage\",\n    participantId: \"${e://Field/ResponseID}\",\n    storageKeyPrefix: \"animals-semantic-fluency\",\n    embeddedDataPrefix: \"animals_fluency_\",\n    cue: \"Animals\",\n    demoCue: \"Vehicles\",\n    phase: \"animals\",\n    categoryType: \"animals\",\n    durationMs: 120000,\n    demoDurationMs: 20000,\n    fadeMs: 800,\n    endHoldMs: 400,\n    countdownSec: 5,\n    experimentName: \"animals_semantic_fluency_qualtrics_v6\",\n  };\n\n  function updateStatus(messageHtml) {\n    var statusNode = document.getElementById(\"sf-load-status\");\n    if (statusNode) {\n      statusNode.innerHTML = messageHtml;\n    }\n  }\n\n  function ensureStylesheet(href) {\n    var existing = document.querySelector(\"link[data-semantic-fluency-href='\" + href + \"']\");\n    var link;\n\n    if (existing) {\n      return;\n    }\n\n    link = document.createElement(\"link\");\n    link.rel = \"stylesheet\";\n    link.type = \"text/css\";\n    link.href = href;\n    link.setAttribute(\"data-semantic-fluency-href\", href);\n    document.head.appendChild(link);\n  }\n\n  function ensureDisplayStageStyles() {\n    var existing = document.getElementById(\"sf-display-stage-style\");\n    var style;\n\n    if (existing) {\n      return;\n    }\n\n    style = document.createElement(\"style\");\n    style.id = \"sf-display-stage-style\";\n    style.textContent = [\n      \"#display_stage_background {\",\n      \"  position: fixed !important;\",\n      \"  left: 0 !important;\",\n      \"  top: 0 !important;\",\n      \"  width: 100vw !important;\",\n      \"  height: 100vh !important;\",\n      \"  background-color: #f6f7fb !important;\",\n      \"  z-index: 2147483000 !important;\",\n      \"}\",\n      \"#display_stage {\",\n      \"  position: fixed !important;\",\n      \"  left: 1vw !important;\",\n      \"  top: 1vh !important;\",\n      \"  width: 98vw !important;\",\n      \"  height: 98vh !important;\",\n      \"  background: linear-gradient(180deg, #f6f7fb 0%, #edf1f7 100%) !important;\",\n      \"  border-radius: 15px !important;\",\n      \"  box-shadow: 1px 1px 1px #999 !important;\",\n      \"  z-index: 2147483001 !important;\",\n      \"  overflow-x: hidden !important;\",\n      \"  overflow-y: auto !important;\",\n      \"}\",\n      \"#sf-load-wrap {\",\n      \"  position: relative !important;\",\n      \"  z-index: 1 !important;\",\n      \"}\",\n    ].join(\"\\n\");\n\n    document.head.appendChild(style);\n  }\n\n  function ensureDisplayStage() {\n    if (!document.getElementById(\"display_stage_background\")) {\n      jQuery(\"<div id='display_stage_background'></div>\").appendTo(\"body\");\n    }\n    if (!document.getElementById(\"display_stage\")) {\n      jQuery(\"<div id='display_stage'></div>\").appendTo(\"body\");\n    }\n  }\n\n  function teardownDisplayStage() {\n    jQuery(\"#display_stage\").remove();\n    jQuery(\"#display_stage_background\").remove();\n  }\n\n  function loadScript(index, resources) {\n    jQuery.getScript(resources[index])\n      .done(function () {\n        if ((index + 1) < resources.length) {\n          loadScript(index + 1, resources);\n        }\n      })\n      .fail(function () {\n        teardownDisplayStage();\n        updateStatus(\n          \"The animals semantic fluency task could not finish loading.<br>\" +\n          \"Please contact the instructional team.\"\n        );\n      });\n  }\n\n  qthis.hideNextButton();\n  ensureDisplayStageStyles();\n  ensureDisplayStage();\n  ensureStylesheet(siteBaseUrl + \"/qualtrics-v6/lib/jspsych-6.3.1/css/jspsych.css\");\n  ensureStylesheet(siteBaseUrl + \"/qualtrics-v6/semantic-fluency.css\");\n\n  window.semanticFluencyConfig = taskConfig;\n  window.semanticFluencyQualtrics = {\n    onFinish: function (jsPsychInstance, payload) {\n      var prefix = taskConfig.embeddedDataPrefix || \"animals_fluency_\";\n      var fluencyTrials = jsPsychInstance.data.get().filter({\n        task: \"semantic-fluency-list\",\n      }).values();\n      var finalTrial = fluencyTrials.length ? fluencyTrials[fluencyTrials.length - 1] : null;\n      var responses = finalTrial && finalTrial.responses ? finalTrial.responses : [];\n\n      Qualtrics.SurveyEngine.setEmbeddedData(prefix + \"participant_id\", payload.participant_id);\n      Qualtrics.SurveyEngine.setEmbeddedData(prefix + \"storage_key\", payload.storage_key);\n      Qualtrics.SurveyEngine.setEmbeddedData(prefix + \"cue\", taskConfig.cue);\n      Qualtrics.SurveyEngine.setEmbeddedData(prefix + \"response_count\", finalTrial ? String(finalTrial.response_count || 0) : \"0\");\n      Qualtrics.SurveyEngine.setEmbeddedData(prefix + \"responses_json\", finalTrial ? finalTrial.responses_json : \"[]\");\n      Qualtrics.SurveyEngine.setEmbeddedData(prefix + \"trial_data_json\", finalTrial ? JSON.stringify(finalTrial) : \"{}\");\n      Qualtrics.SurveyEngine.setEmbeddedData(prefix + \"response_texts_json\", finalTrial ? JSON.stringify(finalTrial.response_texts || []) : \"[]\");\n      Qualtrics.SurveyEngine.setEmbeddedData(prefix + \"response_rt_ms_json\", JSON.stringify(responses.map(function (response) {\n        return response.rt_ms;\n      })));\n      Qualtrics.SurveyEngine.setEmbeddedData(prefix + \"inter_response_ms_json\", JSON.stringify(responses.map(function (response) {\n        return response.inter_response_ms;\n      })));\n      Qualtrics.SurveyEngine.setEmbeddedData(prefix + \"first_response_rt_ms\", responses.length ? String(responses[0].rt_ms) : \"\");\n      Qualtrics.SurveyEngine.setEmbeddedData(prefix + \"last_response_rt_ms\", responses.length ? String(responses[responses.length - 1].rt_ms) : \"\");\n      Qualtrics.SurveyEngine.setEmbeddedData(prefix + \"actual_duration_ms\", finalTrial ? String(finalTrial.actual_duration_ms || \"\") : \"\");\n      Qualtrics.SurveyEngine.setEmbeddedData(prefix + \"all_data_json\", JSON.stringify(jsPsychInstance.data.get().values()));\n\n      teardownDisplayStage();\n      qthis.clickNextButton();\n    },\n  };\n\n  if (window.Qualtrics && (!window.frameElement || window.frameElement.id !== \"mobile-preview-view\")) {\n    loadScript(0, [\n      siteBaseUrl + \"/qualtrics-v6/lib/jspsych-6.3.1/jspsych.js\",\n      siteBaseUrl + \"/qualtrics-v6/lib/jspsych-6.3.1/plugins/jspsych-html-button-response.js\",\n      siteBaseUrl + \"/qualtrics-v6/lib/jspsych-6.3.1/plugins/jspsych-instructions.js\",\n      siteBaseUrl + \"/qualtrics-v6/semantic-fluency-plugin-v6.js\",\n      taskAssetBaseUrl + \"/animals-fluency-v6-task.js\",\n    ]);\n  }\n});\n\nQualtrics.SurveyEngine.addOnReady(function () {\n});\n\nQualtrics.SurveyEngine.addOnUnload(function () {\n  jQuery(\"#display_stage\").remove();\n  jQuery(\"#display_stage_background\").remove();\n  delete window.semanticFluencyConfig;\n  delete window.semanticFluencyQualtrics;\n});"}},{"SurveyID":"SV_3XbtsHHxpF1Fp7o","Element":"SQ","PrimaryAttribute":"QID3","SecondaryAttribute":"Animals semantic fluency task complete","TertiaryAttribute":null,"Payload":{"QuestionText":"<div style=\"max-width: 760px; margin: 0 auto; line-height: 1.7; color: #1d2433;\">\n  <h1 style=\"margin-bottom: 0.75rem;\">Task Complete</h1>\n  <p>\n    Thank you for completing the animals semantic fluency task.\n  </p>\n  <p>\n    Your responses have been recorded.\n  </p>\n  <p>\n    Please click <strong>Next</strong> to submit your survey.\n  </p>\n</div>","DefaultChoices":false,"DataExportTag":"Complete","QuestionID":"QID3","QuestionType":"DB","Selector":"TB","DataVisibility":{"Private":false,"Hidden":false},"Configuration":{"QuestionDescriptionOption":"UseText"},"QuestionDescription":"Animals semantic fluency task complete","ChoiceOrder":[],"Validation":{"Settings":{"Type":"None"}},"GradingData":[],"Language":[],"NextChoiceId":4,"NextAnswerId":1}},{"SurveyID":"SV_3XbtsHHxpF1Fp7o","Element":"STAT","PrimaryAttribute":"Survey Statistics","SecondaryAttribute":null,"TertiaryAttribute":null,"Payload":{"MobileCompatible":true,"ID":"Survey Statistics"}}]}