{"SurveyEntry":{"SurveyID":"SV_3XbtsHHxpF1Fp7o","SurveyName":"Number Grid Memory","SurveyDescription":null,"SurveyOwnerID":"UR_3HITASymOH6An30","SurveyBrandID":"ucdavis","DivisionID":"DV_bCz0vLDEYcivdHv","SurveyLanguage":"EN","SurveyActiveResponseSet":"RS_e5lIew9ccHPKu7c","SurveyStatus":"Inactive","SurveyStartDate":"0000-00-00 00:00:00","SurveyExpirationDate":"0000-00-00 00:00:00","SurveyCreationDate":"2026-03-23 15:59:42","CreatorID":"UR_3HITASymOH6An30","LastModified":"2026-03-23 19:46:04","LastAccessed":"0000-00-00 00:00:00","LastActivated":"2026-03-23 18:13:33","Deleted":null},"SurveyElements":[{"SurveyID":"SV_3XbtsHHxpF1Fp7o","Element":"BL","PrimaryAttribute":"Survey Blocks","SecondaryAttribute":null,"TertiaryAttribute":null,"Payload":[{"Type":"Default","Description":"Welcome","ID":"BL_5nZLVeE20tpIQOq","BlockElements":[{"Type":"Question","QuestionID":"QID1"}]},{"Type":"Trash","Description":"Trash / Unused Questions","ID":"BL_bBdtyoJYOfTiUSy"},{"Type":"Standard","SubType":"","Description":"Number Grid Task","ID":"BL_3jW6jmciSk8BPa6","BlockElements":[{"Type":"Question","QuestionID":"QID2"}]},{"Type":"Standard","SubType":"","Description":"Completion","ID":"BL_8CBpEsKPJfd1yyG","BlockElements":[{"Type":"Question","QuestionID":"QID3"}]}]},{"SurveyID":"SV_3XbtsHHxpF1Fp7o","Element":"FL","PrimaryAttribute":"Survey Flow","SecondaryAttribute":null,"TertiaryAttribute":null,"Payload":{"Type":"Root","FlowID":"FL_1","Flow":[{"Type":"Block","ID":"BL_5nZLVeE20tpIQOq","FlowID":"FL_2","Autofill":[]},{"Type":"EmbeddedData","FlowID":"FL_3","EmbeddedData":[{"Description":"chimp_participant_id","Type":"Recipient","Field":"chimp_participant_id","VariableType":"String","DataVisibility":[],"AnalyzeText":false},{"Description":"chimp_span","Type":"Recipient","Field":"chimp_span","VariableType":"String","DataVisibility":[],"AnalyzeText":false},{"Description":"chimp_total_correct","Type":"Recipient","Field":"chimp_total_correct","VariableType":"String","DataVisibility":[],"AnalyzeText":false},{"Description":"chimp_trials_completed","Type":"Recipient","Field":"chimp_trials_completed","VariableType":"String","DataVisibility":[],"AnalyzeText":false},{"Description":"chimp_max_length_reached","Type":"Recipient","Field":"chimp_max_length_reached","VariableType":"String","DataVisibility":[],"AnalyzeText":false},{"Description":"chimp_duration_ms","Type":"Recipient","Field":"chimp_duration_ms","VariableType":"String","DataVisibility":[],"AnalyzeText":false},{"Description":"chimp_device_touch","Type":"Recipient","Field":"chimp_device_touch","VariableType":"String","DataVisibility":[],"AnalyzeText":false},{"Description":"chimp_summary_json","Type":"Recipient","Field":"chimp_summary_json","VariableType":"String","DataVisibility":[],"AnalyzeText":false},{"Description":"chimp_practice_json","Type":"Recipient","Field":"chimp_practice_json","VariableType":"String","DataVisibility":[],"AnalyzeText":false},{"Description":"chimp_trials_json","Type":"Recipient","Field":"chimp_trials_json","VariableType":"String","DataVisibility":[],"AnalyzeText":false}]},{"Type":"Standard","ID":"BL_3jW6jmciSk8BPa6","FlowID":"FL_4"},{"Type":"Standard","ID":"BL_8CBpEsKPJfd1yyG","FlowID":"FL_5"}],"Properties":{"Count":4}}},{"SurveyID":"SV_3XbtsHHxpF1Fp7o","Element":"PL","PrimaryAttribute":"Preview Link","SecondaryAttribute":null,"TertiaryAttribute":null,"Payload":{"PreviewType":"Brand","PreviewID":"9169a336-ed6a-49ec-8a31-d56832858dcf"}},{"SurveyID":"SV_3XbtsHHxpF1Fp7o","Element":"PROJ","PrimaryAttribute":"CORE","SecondaryAttribute":null,"TertiaryAttribute":"1.1.0","Payload":{"ProjectCategory":"CORE","SchemaVersion":"1.1.0"}},{"SurveyID":"SV_3XbtsHHxpF1Fp7o","Element":"QC","PrimaryAttribute":"Survey Question Count","SecondaryAttribute":"3","TertiaryAttribute":null,"Payload":null},{"SurveyID":"SV_3XbtsHHxpF1Fp7o","Element":"RS","PrimaryAttribute":"RS_e5lIew9ccHPKu7c","SecondaryAttribute":"Default Response Set","TertiaryAttribute":null,"Payload":null},{"SurveyID":"SV_3XbtsHHxpF1Fp7o","Element":"SCO","PrimaryAttribute":"Scoring","SecondaryAttribute":null,"TertiaryAttribute":null,"Payload":{"ScoringCategories":[],"ScoringCategoryGroups":[],"ScoringSummaryCategory":null,"ScoringSummaryAfterQuestions":0,"ScoringSummaryAfterSurvey":0,"DefaultScoringCategory":null,"AutoScoringCategory":null}},{"SurveyID":"SV_3XbtsHHxpF1Fp7o","Element":"SO","PrimaryAttribute":"Survey Options","SecondaryAttribute":null,"TertiaryAttribute":null,"Payload":{"BackButton":"false","SaveAndContinue":"true","SurveyProtection":"PublicSurvey","BallotBoxStuffingPrevention":"false","NoIndex":"Yes","SecureResponseFiles":"true","SurveyExpiration":"None","SurveyTermination":"DefaultMessage","Header":"","Footer":"","ProgressBarDisplay":"None","PartialData":"+1 week","ValidationMessage":null,"PreviousButton":"","NextButton":"","SurveyTitle":"Number Grid Memory","SkinLibrary":"ucdavis","SkinType":"templated","Skin":{"brandingId":"2562654732","templateId":"*base","overrides":null},"NewScoring":1,"SurveyMetaDescription":"The most powerful, simple and trusted way to gather experience data. Start your journey to experience management and try a free account today.","EOSMessage":null,"ShowExportTags":"false","CollectGeoLocation":"false","PasswordProtection":"No","AnonymizeResponse":"No","RefererCheck":"No","BallotBoxStuffingPreventionBehavior":null,"BallotBoxStuffingPreventionMessage":null,"BallotBoxStuffingPreventionMessageLibrary":null,"BallotBoxStuffingPreventionURL":null,"RecaptchaV3":"false","ConfirmStart":false,"AutoConfirmStart":false,"RelevantID":"false","RelevantIDLockoutPeriod":"+30 days","UseCustomSurveyLinkCompletedMessage":null,"SurveyLinkCompletedMessage":null,"SurveyLinkCompletedMessageLibrary":null,"ResponseSummary":"No","EOSMessageLibrary":null,"EOSRedirectURL":null,"EmailThankYou":"false","ThankYouEmailMessageLibrary":null,"ThankYouEmailMessage":null,"ValidateMessage":"false","ValidationMessageLibrary":null,"InactiveSurvey":"DefaultMessage","PartialDeletion":null,"PartialDataCloseAfter":"LastActivity","InactiveMessageLibrary":null,"InactiveMessage":null,"AvailableLanguages":{"EN":[]},"ProtectSelectionIds":true}},{"SurveyID":"SV_3XbtsHHxpF1Fp7o","Element":"SQ","PrimaryAttribute":"QID1","SecondaryAttribute":"Welcome to the Number Grid Memory Task","TertiaryAttribute":null,"Payload":{"QuestionText":"<div style=\"max-width: 760px; margin: 0 auto; line-height: 1.7; color: #1d2433;\">\n  <h1 style=\"margin-bottom: 0.75rem;\">Welcome to the Number Grid Memory Task</h1>\n  <p>\n    In this in-class demonstration, you will see numbers scattered across a grid and then tap them in order after they are hidden.\n  </p>\n  <p>\n    The rounds start small and get bigger. The task takes about 3 to 4 minutes and works on a phone or a laptop.\n  </p>\n  <p>\n    You will first try one practice round. The practice round is not scored.\n  </p>\n  <p>\n    When you are ready, click <strong>Next</strong> to begin.\n  </p>\n</div>","DefaultChoices":false,"DataExportTag":"Welcome","QuestionID":"QID1","QuestionType":"DB","Selector":"TB","DataVisibility":{"Private":false,"Hidden":false},"Configuration":{"QuestionDescriptionOption":"UseText"},"QuestionDescription":"Welcome to the Number Grid Memory Task","ChoiceOrder":[],"Validation":{"Settings":{"Type":"None"}},"GradingData":[],"Language":[],"NextChoiceId":4,"NextAnswerId":1}},{"SurveyID":"SV_3XbtsHHxpF1Fp7o","Element":"SQ","PrimaryAttribute":"QID2","SecondaryAttribute":"The number grid task is loading.","TertiaryAttribute":null,"Payload":{"QuestionText":"<div\n  id=\"chimp-load-wrap\"\n  style=\"max-width: 760px; margin: 0 auto; line-height: 1.7; color: #1d2433;\"\n>\n  <p id=\"chimp-load-status\" style=\"font-size: 24px; margin-top: 2rem;\">\n    The number grid task is loading.\n  </p>\n  <p style=\"font-size: 24px;\">\n    If you do not see the task, please contact the\n    <strong>instructional team</strong>.\n  </p>\n  <p style=\"font-size: 28px;\">\n    Thank you for your patience while we get the task ready.\n  </p>\n</div>","DefaultChoices":false,"DataExportTag":"NumberGridTask","QuestionID":"QID2","QuestionType":"DB","Selector":"TB","DataVisibility":{"Private":false,"Hidden":false},"Configuration":{"QuestionDescriptionOption":"UseText"},"QuestionDescription":"Number grid (chimp) task","ChoiceOrder":[],"Validation":{"Settings":{"Type":"None"}},"GradingData":[],"Language":[],"NextChoiceId":4,"NextAnswerId":1,"QuestionJS":"Qualtrics.SurveyEngine.addOnload(function () {\n  var qthis = this;\n  var q$ = window.jQuery || window.$;\n\n  var siteBaseUrl = \"https://wrayo.github.io/stm-jspsych\";\n  var assetBaseUrl = siteBaseUrl + \"/qualtrics-v7\";\n  var taskConfig = {\n    displayElement: \"display_stage\",\n    participantId: \"${e://Field/ResponseID}\",\n    readyMs: 1000,\n    feedbackMs: 800,\n    revealMs: 1000,\n    exposureMs: 0,\n    minLength: 4,\n    maxLength: 12,\n    trialsPerLength: 2,\n    practiceLength: 3,\n    showFeedback: true,\n    finishButtonLabel: \"Continue\"\n  };\n\n  function valueOrBlank(value) {\n    return value === null || value === undefined ? \"\" : String(value);\n  }\n\n  function updateStatus(messageHtml) {\n    var statusNode = document.getElementById(\"chimp-load-status\");\n    if (statusNode) {\n      statusNode.innerHTML = messageHtml;\n    }\n  }\n\n  function ensureStylesheet(href) {\n    var existing = document.querySelector(\"link[data-chimp-href='\" + href + \"']\");\n    var link;\n\n    if (existing) {\n      return;\n    }\n\n    link = document.createElement(\"link\");\n    link.rel = \"stylesheet\";\n    link.type = \"text/css\";\n    link.href = href;\n    link.setAttribute(\"data-chimp-href\", href);\n    document.head.appendChild(link);\n  }\n\n  // Stage CSS is injected here, not left to the theme, so Qualtrics skins cannot hide the task\n  function ensureDisplayStageStyles() {\n    var style;\n\n    if (document.getElementById(\"chimp-display-stage-style\")) {\n      return;\n    }\n\n    style = document.createElement(\"style\");\n    style.id = \"chimp-display-stage-style\";\n    style.textContent = [\n      \"#display_stage_background {\",\n      \"  position: fixed !important;\",\n      \"  left: 0 !important;\",\n      \"  top: 0 !important;\",\n      \"  width: 100vw !important;\",\n      \"  height: 100vh !important;\",\n      \"  background-color: #f6f7fb !important;\",\n      \"  z-index: 2147483000 !important;\",\n      \"}\",\n      \"#display_stage {\",\n      \"  position: fixed !important;\",\n      \"  left: 1vw !important;\",\n      \"  top: 1vh !important;\",\n      \"  width: 98vw !important;\",\n      \"  height: 98vh !important;\",\n      \"  background: linear-gradient(180deg, #f6f7fb 0%, #edf1f7 100%) !important;\",\n      \"  border-radius: 15px !important;\",\n      \"  box-shadow: 1px 1px 1px #999 !important;\",\n      \"  z-index: 2147483001 !important;\",\n      \"  overflow-x: hidden !important;\",\n      \"  overflow-y: auto !important;\",\n      \"}\",\n      \"#chimp-load-wrap {\",\n      \"  position: relative !important;\",\n      \"  z-index: 1 !important;\",\n      \"}\"\n    ].join(\"\\n\");\n\n    document.head.appendChild(style);\n  }\n\n  function ensureDisplayStage() {\n    if (!document.getElementById(\"display_stage_background\")) {\n      q$(\"<div id='display_stage_background'></div>\").appendTo(\"body\");\n    }\n    if (!document.getElementById(\"display_stage\")) {\n      q$(\"<div id='display_stage'></div>\").appendTo(\"body\");\n    }\n  }\n\n  function cleanup() {\n    q$(\"#display_stage\").remove();\n    q$(\"#display_stage_background\").remove();\n  }\n\n  function loadScript(index, resources) {\n    q$.getScript(resources[index])\n      .done(function () {\n        if ((index + 1) < resources.length) {\n          loadScript(index + 1, resources);\n        }\n      })\n      .fail(function () {\n        cleanup();\n        updateStatus(\n          \"The number grid task could not finish loading.<br>\" +\n          \"Please contact the instructional team.\"\n        );\n      });\n  }\n\n  if (!q$) {\n    updateStatus(\n      \"The Qualtrics page libraries did not load correctly.<br>\" +\n      \"Please contact the instructional team.\"\n    );\n    return;\n  }\n\n  qthis.hideNextButton();\n  ensureDisplayStageStyles();\n  ensureDisplayStage();\n  ensureStylesheet(assetBaseUrl + \"/lib/jspsych-7.3.1/jspsych.css\");\n  ensureStylesheet(assetBaseUrl + \"/chimp.css\");\n\n  window.chimpTaskConfig = taskConfig;\n  window.chimpTaskHooks = {\n    onFinish: function (jsPsychInstance, payload) {\n      var prefix = \"chimp_\";\n\n      Qualtrics.SurveyEngine.setEmbeddedData(prefix + \"participant_id\", valueOrBlank(payload.participant_id));\n      Qualtrics.SurveyEngine.setEmbeddedData(prefix + \"span\", valueOrBlank(payload.span));\n      Qualtrics.SurveyEngine.setEmbeddedData(prefix + \"total_correct\", valueOrBlank(payload.total_correct));\n      Qualtrics.SurveyEngine.setEmbeddedData(prefix + \"trials_completed\", valueOrBlank(payload.trials_completed));\n      Qualtrics.SurveyEngine.setEmbeddedData(prefix + \"max_length_reached\", valueOrBlank(payload.max_length_reached));\n      Qualtrics.SurveyEngine.setEmbeddedData(prefix + \"duration_ms\", valueOrBlank(payload.duration_ms));\n      Qualtrics.SurveyEngine.setEmbeddedData(prefix + \"device_touch\", valueOrBlank(payload.device_touch));\n      Qualtrics.SurveyEngine.setEmbeddedData(prefix + \"summary_json\", JSON.stringify(payload.summary || {}));\n      Qualtrics.SurveyEngine.setEmbeddedData(prefix + \"practice_json\", JSON.stringify(payload.practice || []));\n      Qualtrics.SurveyEngine.setEmbeddedData(prefix + \"trials_json\", JSON.stringify(payload.trials || []));\n\n      cleanup();\n      qthis.clickNextButton();\n    }\n  };\n\n  if (window.Qualtrics && (!window.frameElement || window.frameElement.id !== \"mobile-preview-view\")) {\n    loadScript(0, [\n      assetBaseUrl + \"/lib/jspsych-7.3.1/jspsych.js\",\n      assetBaseUrl + \"/lib/jspsych-7.3.1/plugin-html-button-response.js\",\n      assetBaseUrl + \"/lib/jspsych-7.3.1/plugin-html-keyboard-response.js\",\n      assetBaseUrl + \"/chimp-v7-task.js\"\n    ]);\n  }\n});\n\nQualtrics.SurveyEngine.addOnReady(function () {\n});\n\nQualtrics.SurveyEngine.addOnUnload(function () {\n  var q$ = window.jQuery || window.$;\n  if (q$) {\n    q$(\"#display_stage\").remove();\n    q$(\"#display_stage_background\").remove();\n  }\n  delete window.chimpTaskConfig;\n  delete window.chimpTaskHooks;\n  delete window.chimpTaskLastRun;\n});"}},{"SurveyID":"SV_3XbtsHHxpF1Fp7o","Element":"SQ","PrimaryAttribute":"QID3","SecondaryAttribute":"Number grid task complete","TertiaryAttribute":null,"Payload":{"QuestionText":"<div style=\"max-width: 760px; margin: 0 auto; line-height: 1.7; color: #1d2433;\">\n  <h1 style=\"margin-bottom: 0.75rem;\">Task Complete</h1>\n  <p>\n    Thank you for completing the number grid memory task.\n  </p>\n  <p>\n    Your responses have been recorded.\n  </p>\n  <p>\n    Please click <strong>Next</strong> to submit your survey.\n  </p>\n</div>","DefaultChoices":false,"DataExportTag":"Complete","QuestionID":"QID3","QuestionType":"DB","Selector":"TB","DataVisibility":{"Private":false,"Hidden":false},"Configuration":{"QuestionDescriptionOption":"UseText"},"QuestionDescription":"Number grid task complete","ChoiceOrder":[],"Validation":{"Settings":{"Type":"None"}},"GradingData":[],"Language":[],"NextChoiceId":4,"NextAnswerId":1}},{"SurveyID":"SV_3XbtsHHxpF1Fp7o","Element":"STAT","PrimaryAttribute":"Survey Statistics","SecondaryAttribute":null,"TertiaryAttribute":null,"Payload":{"MobileCompatible":true,"ID":"Survey Statistics"}}]}